
Microsoft Visual Studio Solution File, Format Version 12.00
# Visual Studio Version 17
VisualStudioVersion = 17.8.34601.278
MinimumVisualStudioVersion = 10.0.40219.1
Project("{9A19103F-16F7-4668-BE54-9A1E7A4F7556}") = "Fractals", "Fractals.csproj", "{FFCA009C-95CD-4353-81CC-6913FB1D1FCB}"
EndProject
Global
	GlobalSection(SolutionConfigurationPlatforms) = preSolution
		Debug|Any CPU = Debug|Any CPU
		Release|Any CPU = Release|Any CPU
	EndGlobalSection
	GlobalSection(ProjectConfigurationPlatforms) = postSolution
		{FFCA009C-95CD-4353-81CC-6913FB1D1FCB}.Debug|Any CPU.ActiveCfg = Debug|Any CPU
		{FFCA009C-95CD-4353-81CC-6913FB1D1FCB}.Debug|Any CPU.Build.0 = Debug|Any CPU
		{FFCA009C-95CD-4353-81CC-6913FB1D1FCB}.Release|Any CPU.ActiveCfg = Release|Any CPU
		{FFCA009C-95CD-4353-81CC-6913FB1D1FCB}.Release|Any CPU.Build.0 = Release|Any CPU
	EndGlobalSection
	GlobalSection(SolutionProperties) = preSolution
		HideSolutionNode = FALSE
	EndGlobalSection
	GlobalSection(ExtensibilityGlobals) = postSolution
		SolutionGuid = {35770045-3F87-416E-9217-871BE0F8537D}
	EndGlobalSection
EndGlobal
